
Microsoft Visual Studio Solution File, Format Version 12.00
# Visual Studio 15
VisualStudioVersion = 15.0.28307.1433
MinimumVisualStudioVersion = 10.0.40219.1
Project("{8BC9CEB8-8B4A-11D0-8D11-00A0C91BC942}") = "cvAutoTrack", "cvAutoTrack\cvAutoTrack.vcxproj", "{92943FAC-32B9-4416-A05E-5058B414142D}"
EndProject
Project("{8BC9CEB8-8B4A-11D0-8D11-00A0C91BC942}") = "cvAT_dllTest", "cvAT_dllTest\cvAT_dllTest.vcxproj", "{62321165-AB4C-4C73-AF51-0568BA746F6E}"
	ProjectSection(ProjectDependencies) = postProject
		{92943FAC-32B9-4416-A05E-5058B414142D} = {92943FAC-32B9-4416-A05E-5058B414142D}
	EndProjectSection
EndProject
Global
	GlobalSection(SolutionConfigurationPlatforms) = preSolution
		Debug|x64 = Debug|x64
		Debug|x86 = Debug|x86
		Release|x64 = Release|x64
		Release|x86 = Release|x86
	EndGlobalSection
	GlobalSection(ProjectConfigurationPlatforms) = postSolution
		{92943FAC-32B9-4416-A05E-5058B414142D}.Debug|x64.ActiveCfg = Debug|x64
		{92943FAC-32B9-4416-A05E-5058B414142D}.Debug|x64.Build.0 = Debug|x64
		{92943FAC-32B9-4416-A05E-5058B414142D}.Debug|x86.ActiveCfg = Debug|Win32
		{92943FAC-32B9-4416-A05E-5058B414142D}.Debug|x86.Build.0 = Debug|Win32
		{92943FAC-32B9-4416-A05E-5058B414142D}.Release|x64.ActiveCfg = Release|x64
		{92943FAC-32B9-4416-A05E-5058B414142D}.Release|x64.Build.0 = Release|x64
		{92943FAC-32B9-4416-A05E-5058B414142D}.Release|x86.ActiveCfg = Release|Win32
		{92943FAC-32B9-4416-A05E-5058B414142D}.Release|x86.Build.0 = Release|Win32
		{62321165-AB4C-4C73-AF51-0568BA746F6E}.Debug|x64.ActiveCfg = Debug|x64
		{62321165-AB4C-4C73-AF51-0568BA746F6E}.Debug|x64.Build.0 = Debug|x64
		{62321165-AB4C-4C73-AF51-0568BA746F6E}.Debug|x86.ActiveCfg = Debug|Win32
		{62321165-AB4C-4C73-AF51-0568BA746F6E}.Debug|x86.Build.0 = Debug|Win32
		{62321165-AB4C-4C73-AF51-0568BA746F6E}.Release|x64.ActiveCfg = Release|x64
		{62321165-AB4C-4C73-AF51-0568BA746F6E}.Release|x64.Build.0 = Release|x64
		{62321165-AB4C-4C73-AF51-0568BA746F6E}.Release|x86.ActiveCfg = Release|Win32
		{62321165-AB4C-4C73-AF51-0568BA746F6E}.Release|x86.Build.0 = Release|Win32
	EndGlobalSection
	GlobalSection(SolutionProperties) = preSolution
		HideSolutionNode = FALSE
	EndGlobalSection
	GlobalSection(ExtensibilityGlobals) = postSolution
		SolutionGuid = {BC4ED11A-8674-4840-9E8E-E38E6C168451}
	EndGlobalSection
EndGlobal
