
Microsoft Visual Studio Solution File, Format Version 12.00
# Visual Studio Version 17
VisualStudioVersion = 17.2.32519.379
MinimumVisualStudioVersion = 10.0.40219.1
Project("{8BC9CEB8-8B4A-11D0-8D11-00A0C91BC942}") = "cvAutoTrack", "cvAutoTrack\cvAutoTrack.vcxproj", "{92943FAC-32B9-4416-A05E-5058B414142D}"
EndProject
Project("{2150E333-8FDC-42A3-9474-1A3956D46DE8}") = "Solution Items", "Solution Items", "{7CE5F2F8-CB9D-4534-8270-5AA159828A71}"
	ProjectSection(SolutionItems) = preProject
		appveyor.yml = appveyor.yml
		README.md = README.md
	EndProjectSection
EndProject
Project("{8BC9CEB8-8B4A-11D0-8D11-00A0C91BC942}") = "TEST_cvAutoTrack_Cpp", "impl\Cpp\TEST_cvAutoTrack_Cpp\TEST_cvAutoTrack_Cpp.vcxproj", "{8A8D9B56-DC74-49CA-9F0A-BDD2FD176F86}"
	ProjectSection(ProjectDependencies) = postProject
		{92943FAC-32B9-4416-A05E-5058B414142D} = {92943FAC-32B9-4416-A05E-5058B414142D}
	EndProjectSection
EndProject
Project("{9A19103F-16F7-4668-BE54-9A1E7A4F7556}") = "TEST_cvAutoTrack_CSharp", "impl\CSharp\TEST_cvAutoTrack_CSharp\TEST_cvAutoTrack_CSharp.csproj", "{D5442D22-FD24-4C8F-BAFB-865D1A7BF3F6}"
	ProjectSection(ProjectDependencies) = postProject
		{92943FAC-32B9-4416-A05E-5058B414142D} = {92943FAC-32B9-4416-A05E-5058B414142D}
	EndProjectSection
EndProject
Project("{2150E333-8FDC-42A3-9474-1A3956D46DE8}") = "解决方案项", "解决方案项", "{CF359DD3-7891-4621-9A9E-4A006C7ED974}"
	ProjectSection(SolutionItems) = preProject
		doc\README_en.md = doc\README_en.md
		doc\函数手册.md = doc\函数手册.md
		doc\无法运行.md = doc\无法运行.md
	EndProjectSection
EndProject
Project("{2150E333-8FDC-42A3-9474-1A3956D46DE8}") = "ci", "ci", "{DF269035-8114-44F0-9AE9-74E826954031}"
	ProjectSection(SolutionItems) = preProject
		ci\clone_resource.ps1 = ci\clone_resource.ps1
		ci\install_opencv.ps1 = ci\install_opencv.ps1
		ci\manual_upload_release.ps1 = ci\manual_upload_release.ps1
		ci\release_resource.ps1 = ci\release_resource.ps1
		ci\upload_file.ps1 = ci\upload_file.ps1
		ci\upload_version.ps1 = ci\upload_version.ps1
	EndProjectSection
EndProject
Global
	GlobalSection(SolutionConfigurationPlatforms) = preSolution
		Compile|Any CPU = Compile|Any CPU
		Compile|x64 = Compile|x64
		Compile|x86 = Compile|x86
		Debug|Any CPU = Debug|Any CPU
		Debug|x64 = Debug|x64
		Debug|x86 = Debug|x86
		Release|Any CPU = Release|Any CPU
		Release|x64 = Release|x64
		Release|x86 = Release|x86
	EndGlobalSection
	GlobalSection(ProjectConfigurationPlatforms) = postSolution
		{92943FAC-32B9-4416-A05E-5058B414142D}.Compile|Any CPU.ActiveCfg = Compile|x64
		{92943FAC-32B9-4416-A05E-5058B414142D}.Compile|Any CPU.Build.0 = Compile|x64
		{92943FAC-32B9-4416-A05E-5058B414142D}.Compile|x64.ActiveCfg = Compile|x64
		{92943FAC-32B9-4416-A05E-5058B414142D}.Compile|x64.Build.0 = Compile|x64
		{92943FAC-32B9-4416-A05E-5058B414142D}.Compile|x86.ActiveCfg = Compile|Win32
		{92943FAC-32B9-4416-A05E-5058B414142D}.Compile|x86.Build.0 = Compile|Win32
		{92943FAC-32B9-4416-A05E-5058B414142D}.Debug|Any CPU.ActiveCfg = Debug|x64
		{92943FAC-32B9-4416-A05E-5058B414142D}.Debug|Any CPU.Build.0 = Debug|x64
		{92943FAC-32B9-4416-A05E-5058B414142D}.Debug|x64.ActiveCfg = Debug|x64
		{92943FAC-32B9-4416-A05E-5058B414142D}.Debug|x64.Build.0 = Debug|x64
		{92943FAC-32B9-4416-A05E-5058B414142D}.Debug|x86.ActiveCfg = Debug|Win32
		{92943FAC-32B9-4416-A05E-5058B414142D}.Debug|x86.Build.0 = Debug|Win32
		{92943FAC-32B9-4416-A05E-5058B414142D}.Release|Any CPU.ActiveCfg = Release|x64
		{92943FAC-32B9-4416-A05E-5058B414142D}.Release|Any CPU.Build.0 = Release|x64
		{92943FAC-32B9-4416-A05E-5058B414142D}.Release|x64.ActiveCfg = Release|x64
		{92943FAC-32B9-4416-A05E-5058B414142D}.Release|x64.Build.0 = Release|x64
		{92943FAC-32B9-4416-A05E-5058B414142D}.Release|x86.ActiveCfg = Release|Win32
		{92943FAC-32B9-4416-A05E-5058B414142D}.Release|x86.Build.0 = Release|Win32
		{8A8D9B56-DC74-49CA-9F0A-BDD2FD176F86}.Compile|Any CPU.ActiveCfg = Compile|x64
		{8A8D9B56-DC74-49CA-9F0A-BDD2FD176F86}.Compile|Any CPU.Build.0 = Compile|x64
		{8A8D9B56-DC74-49CA-9F0A-BDD2FD176F86}.Compile|x64.ActiveCfg = Compile|x64
		{8A8D9B56-DC74-49CA-9F0A-BDD2FD176F86}.Compile|x64.Build.0 = Compile|x64
		{8A8D9B56-DC74-49CA-9F0A-BDD2FD176F86}.Compile|x86.ActiveCfg = Compile|Win32
		{8A8D9B56-DC74-49CA-9F0A-BDD2FD176F86}.Compile|x86.Build.0 = Compile|Win32
		{8A8D9B56-DC74-49CA-9F0A-BDD2FD176F86}.Debug|Any CPU.ActiveCfg = Debug|x64
		{8A8D9B56-DC74-49CA-9F0A-BDD2FD176F86}.Debug|Any CPU.Build.0 = Debug|x64
		{8A8D9B56-DC74-49CA-9F0A-BDD2FD176F86}.Debug|x64.ActiveCfg = Debug|x64
		{8A8D9B56-DC74-49CA-9F0A-BDD2FD176F86}.Debug|x64.Build.0 = Debug|x64
		{8A8D9B56-DC74-49CA-9F0A-BDD2FD176F86}.Debug|x86.ActiveCfg = Debug|Win32
		{8A8D9B56-DC74-49CA-9F0A-BDD2FD176F86}.Debug|x86.Build.0 = Debug|Win32
		{8A8D9B56-DC74-49CA-9F0A-BDD2FD176F86}.Release|Any CPU.ActiveCfg = Release|x64
		{8A8D9B56-DC74-49CA-9F0A-BDD2FD176F86}.Release|Any CPU.Build.0 = Release|x64
		{8A8D9B56-DC74-49CA-9F0A-BDD2FD176F86}.Release|x64.ActiveCfg = Release|x64
		{8A8D9B56-DC74-49CA-9F0A-BDD2FD176F86}.Release|x64.Build.0 = Release|x64
		{8A8D9B56-DC74-49CA-9F0A-BDD2FD176F86}.Release|x86.ActiveCfg = Release|Win32
		{8A8D9B56-DC74-49CA-9F0A-BDD2FD176F86}.Release|x86.Build.0 = Release|Win32
		{D5442D22-FD24-4C8F-BAFB-865D1A7BF3F6}.Compile|Any CPU.ActiveCfg = Compile|Any CPU
		{D5442D22-FD24-4C8F-BAFB-865D1A7BF3F6}.Compile|Any CPU.Build.0 = Compile|Any CPU
		{D5442D22-FD24-4C8F-BAFB-865D1A7BF3F6}.Compile|x64.ActiveCfg = Compile|Any CPU
		{D5442D22-FD24-4C8F-BAFB-865D1A7BF3F6}.Compile|x64.Build.0 = Compile|Any CPU
		{D5442D22-FD24-4C8F-BAFB-865D1A7BF3F6}.Compile|x86.ActiveCfg = Build|Any CPU
		{D5442D22-FD24-4C8F-BAFB-865D1A7BF3F6}.Compile|x86.Build.0 = Build|Any CPU
		{D5442D22-FD24-4C8F-BAFB-865D1A7BF3F6}.Debug|Any CPU.ActiveCfg = Debug|Any CPU
		{D5442D22-FD24-4C8F-BAFB-865D1A7BF3F6}.Debug|Any CPU.Build.0 = Debug|Any CPU
		{D5442D22-FD24-4C8F-BAFB-865D1A7BF3F6}.Debug|x64.ActiveCfg = Debug|Any CPU
		{D5442D22-FD24-4C8F-BAFB-865D1A7BF3F6}.Debug|x64.Build.0 = Debug|Any CPU
		{D5442D22-FD24-4C8F-BAFB-865D1A7BF3F6}.Debug|x86.ActiveCfg = Debug|Any CPU
		{D5442D22-FD24-4C8F-BAFB-865D1A7BF3F6}.Debug|x86.Build.0 = Debug|Any CPU
		{D5442D22-FD24-4C8F-BAFB-865D1A7BF3F6}.Release|Any CPU.ActiveCfg = Release|Any CPU
		{D5442D22-FD24-4C8F-BAFB-865D1A7BF3F6}.Release|Any CPU.Build.0 = Release|Any CPU
		{D5442D22-FD24-4C8F-BAFB-865D1A7BF3F6}.Release|x64.ActiveCfg = Release|Any CPU
		{D5442D22-FD24-4C8F-BAFB-865D1A7BF3F6}.Release|x64.Build.0 = Release|Any CPU
		{D5442D22-FD24-4C8F-BAFB-865D1A7BF3F6}.Release|x86.ActiveCfg = Release|Any CPU
		{D5442D22-FD24-4C8F-BAFB-865D1A7BF3F6}.Release|x86.Build.0 = Release|Any CPU
	EndGlobalSection
	GlobalSection(SolutionProperties) = preSolution
		HideSolutionNode = FALSE
	EndGlobalSection
	GlobalSection(ExtensibilityGlobals) = postSolution
		SolutionGuid = {BC4ED11A-8674-4840-9E8E-E38E6C168451}
	EndGlobalSection
EndGlobal
