<?xml version="1.0" encoding="utf-8"?>
<Project ToolsVersion="4.0" xmlns="http://schemas.microsoft.com/developer/msbuild/2003">
  <ItemGroup>
    <Filter Include="include">
      <UniqueIdentifier>{18a0c019-8352-418c-a984-7ae22b30dd77}</UniqueIdentifier>
    </Filter>
    <Filter Include="src">
      <UniqueIdentifier>{753c56c2-2664-44cd-9821-c04d63815b9d}</UniqueIdentifier>
    </Filter>
    <Filter Include="resource">
      <UniqueIdentifier>{67DA6AB6-F800-4c08-8B7A-83BB121AAD01}</UniqueIdentifier>
      <Extensions>rc;ico;cur;bmp;dlg;rc2;rct;bin;rgs;gif;jpg;jpeg;jpe;resx;tiff;tif;png;wav;mfcribbon-ms</Extensions>
    </Filter>
  </ItemGroup>
  <ItemGroup>
    <None Include="Source.def">
      <Filter>resource</Filter>
    </None>
    <None Include="cpp.hint">
      <Filter>resource</Filter>
    </None>
  </ItemGroup>
  <ItemGroup>
    <ClInclude Include="AutoTrack.h">
      <Filter>src</Filter>
    </ClInclude>
    <ClInclude Include="Base_SURF.h">
      <Filter>src</Filter>
    </ClInclude>
    <ClInclude Include="Base_Thread.h">
      <Filter>src</Filter>
    </ClInclude>
    <ClInclude Include="cvAT_SAerialization.h">
      <Filter>src</Filter>
    </ClInclude>
    <ClInclude Include="ErrorCode.h">
      <Filter>src</Filter>
    </ClInclude>
    <ClInclude Include="FlowWork.h">
      <Filter>src</Filter>
    </ClInclude>
    <ClInclude Include="framework.h">
      <Filter>src</Filter>
    </ClInclude>
    <ClInclude Include="GenshinImpactScreen.h">
      <Filter>src</Filter>
    </ClInclude>
    <ClInclude Include="Kalmanfilter.h">
      <Filter>src</Filter>
    </ClInclude>
    <ClInclude Include="LoadGiMatchResource.h">
      <Filter>src</Filter>
    </ClInclude>
    <ClInclude Include="pch.h">
      <Filter>src</Filter>
    </ClInclude>
    <ClInclude Include="resource.h">
      <Filter>src</Filter>
    </ClInclude>
    <ClInclude Include="..\include\C\cvAutoTrack.h">
      <Filter>include</Filter>
    </ClInclude>
    <ClInclude Include="..\include\C\cvPort.h">
      <Filter>include</Filter>
    </ClInclude>
  </ItemGroup>
  <ItemGroup>
    <ClCompile Include="AutoTrack.cpp">
      <Filter>src</Filter>
    </ClCompile>
    <ClCompile Include="Base_SURF.cpp">
      <Filter>src</Filter>
    </ClCompile>
    <ClCompile Include="Base_Thread.cpp">
      <Filter>src</Filter>
    </ClCompile>
    <ClCompile Include="cvAT_SAerialization.cpp">
      <Filter>src</Filter>
    </ClCompile>
    <ClCompile Include="cvAutoTrack.cpp">
      <Filter>src</Filter>
    </ClCompile>
    <ClCompile Include="dllmain.cpp">
      <Filter>src</Filter>
    </ClCompile>
    <ClCompile Include="ErrorCode.cpp">
      <Filter>src</Filter>
    </ClCompile>
    <ClCompile Include="FlowWork.cpp">
      <Filter>src</Filter>
    </ClCompile>
    <ClCompile Include="GenshinImpactScreen.cpp">
      <Filter>src</Filter>
    </ClCompile>
    <ClCompile Include="Kalmanfilter.cpp">
      <Filter>src</Filter>
    </ClCompile>
    <ClCompile Include="LoadGiMatchResource.cpp">
      <Filter>src</Filter>
    </ClCompile>
    <ClCompile Include="pch.cpp">
      <Filter>src</Filter>
    </ClCompile>
  </ItemGroup>
  <ItemGroup>
    <ResourceCompile Include="cvAutoTrack.rc">
      <Filter>resource</Filter>
    </ResourceCompile>
  </ItemGroup>
  <ItemGroup>
    <Image Include="MatchResource\PaimonDefault.bmp">
      <Filter>resource</Filter>
    </Image>
    <Image Include="MatchResource\GIMAP.png">
      <Filter>resource</Filter>
    </Image>
    <Image Include="MatchResource\png\uid_.bmp">
      <Filter>resource</Filter>
    </Image>
    <Image Include="MatchResource\png\uid0.bmp">
      <Filter>resource</Filter>
    </Image>
    <Image Include="MatchResource\png\uid1.bmp">
      <Filter>resource</Filter>
    </Image>
    <Image Include="MatchResource\png\uid2.bmp">
      <Filter>resource</Filter>
    </Image>
    <Image Include="MatchResource\png\uid3.bmp">
      <Filter>resource</Filter>
    </Image>
    <Image Include="MatchResource\png\uid4.bmp">
      <Filter>resource</Filter>
    </Image>
    <Image Include="MatchResource\png\uid5.bmp">
      <Filter>resource</Filter>
    </Image>
    <Image Include="MatchResource\png\uid6.bmp">
      <Filter>resource</Filter>
    </Image>
    <Image Include="MatchResource\png\uid7.bmp">
      <Filter>resource</Filter>
    </Image>
    <Image Include="MatchResource\png\uid8.bmp">
      <Filter>resource</Filter>
    </Image>
    <Image Include="MatchResource\png\uid9.bmp">
      <Filter>resource</Filter>
    </Image>
    <Image Include="matchresource\png\png1.png">
      <Filter>resource</Filter>
    </Image>
    <Image Include="MatchResource\GISTARTEMPLATE.bmp">
      <Filter>resource</Filter>
    </Image>
  </ItemGroup>
</Project>