<?xml version="1.0" encoding="utf-8"?>
<Project ToolsVersion="4.0" xmlns="http://schemas.microsoft.com/developer/msbuild/2003">
  <ItemGroup>
    <Filter Include="include">
      <UniqueIdentifier>{18a0c019-8352-418c-a984-7ae22b30dd77}</UniqueIdentifier>
    </Filter>
    <Filter Include="src">
      <UniqueIdentifier>{753c56c2-2664-44cd-9821-c04d63815b9d}</UniqueIdentifier>
    </Filter>
    <Filter Include="resource">
      <UniqueIdentifier>{67DA6AB6-F800-4c08-8B7A-83BB121AAD01}</UniqueIdentifier>
      <Extensions>rc;ico;cur;bmp;dlg;rc2;rct;bin;rgs;gif;jpg;jpeg;jpe;resx;tiff;tif;png;wav;mfcribbon-ms</Extensions>
    </Filter>
  </ItemGroup>
  <ItemGroup>
    <None Include="cpp.hint">
      <Filter>resource</Filter>
    </None>
    <None Include="resource\Source.def">
      <Filter>resource</Filter>
    </None>
  </ItemGroup>
  <ItemGroup>
    <ClInclude Include="include\cvAutoTrack.h">
      <Filter>include</Filter>
    </ClInclude>
    <ClInclude Include="src\AutoTrack.h">
      <Filter>src</Filter>
    </ClInclude>
    <ClInclude Include="src\Base_SURF.h">
      <Filter>src</Filter>
    </ClInclude>
    <ClInclude Include="src\Base_Thread.h">
      <Filter>src</Filter>
    </ClInclude>
    <ClInclude Include="src\ErrorCode.h">
      <Filter>src</Filter>
    </ClInclude>
    <ClInclude Include="src\FlowWork.h">
      <Filter>src</Filter>
    </ClInclude>
    <ClInclude Include="src\framework.h">
      <Filter>src</Filter>
    </ClInclude>
    <ClInclude Include="src\GenshinImpactScreen.h">
      <Filter>src</Filter>
    </ClInclude>
    <ClInclude Include="src\Kalmanfilter.h">
      <Filter>src</Filter>
    </ClInclude>
    <ClInclude Include="src\LoadGiMatchResource.h">
      <Filter>src</Filter>
    </ClInclude>
    <ClInclude Include="src\resource.h">
      <Filter>src</Filter>
    </ClInclude>
    <ClInclude Include="src\pch.h">
      <Filter>src</Filter>
    </ClInclude>
  </ItemGroup>
  <ItemGroup>
    <ClCompile Include="src\AutoTrack.cpp">
      <Filter>src</Filter>
    </ClCompile>
    <ClCompile Include="src\Base_SURF.cpp">
      <Filter>src</Filter>
    </ClCompile>
    <ClCompile Include="src\Base_Thread.cpp">
      <Filter>src</Filter>
    </ClCompile>
    <ClCompile Include="src\cvAutoTrack.cpp">
      <Filter>src</Filter>
    </ClCompile>
    <ClCompile Include="src\dllmain.cpp">
      <Filter>src</Filter>
    </ClCompile>
    <ClCompile Include="src\ErrorCode.cpp">
      <Filter>src</Filter>
    </ClCompile>
    <ClCompile Include="src\FlowWork.cpp">
      <Filter>src</Filter>
    </ClCompile>
    <ClCompile Include="src\GenshinImpactScreen.cpp">
      <Filter>src</Filter>
    </ClCompile>
    <ClCompile Include="src\Kalmanfilter.cpp">
      <Filter>src</Filter>
    </ClCompile>
    <ClCompile Include="src\LoadGiMatchResource.cpp">
      <Filter>src</Filter>
    </ClCompile>
    <ClCompile Include="src\pch.cpp">
      <Filter>src</Filter>
    </ClCompile>
  </ItemGroup>
  <ItemGroup>
    <ResourceCompile Include="resource\cvAutoTrack.rc">
      <Filter>resource</Filter>
    </ResourceCompile>
  </ItemGroup>
  <ItemGroup>
    <Image Include="resource\GIPAIMON.bmp">
      <Filter>resource</Filter>
    </Image>
    <Image Include="resource\png\UID_.bmp">
      <Filter>resource</Filter>
    </Image>
    <Image Include="resource\png\UID0.bmp">
      <Filter>resource</Filter>
    </Image>
    <Image Include="resource\png\uid1.bmp">
      <Filter>resource</Filter>
    </Image>
    <Image Include="resource\png\uid2.bmp">
      <Filter>resource</Filter>
    </Image>
    <Image Include="resource\png\uid3.bmp">
      <Filter>resource</Filter>
    </Image>
    <Image Include="resource\png\uid4.bmp">
      <Filter>resource</Filter>
    </Image>
    <Image Include="resource\png\uid5.bmp">
      <Filter>resource</Filter>
    </Image>
    <Image Include="resource\png\uid6.bmp">
      <Filter>resource</Filter>
    </Image>
    <Image Include="resource\png\uid7.bmp">
      <Filter>resource</Filter>
    </Image>
    <Image Include="resource\png\uid8.bmp">
      <Filter>resource</Filter>
    </Image>
    <Image Include="resource\png\uid9.bmp">
      <Filter>resource</Filter>
    </Image>
    <Image Include="resource\GIMAP.png">
      <Filter>resource</Filter>
    </Image>
    <Image Include="resource\GISTARTEMPLATE.bmp">
      <Filter>resource</Filter>
    </Image>
  </ItemGroup>
</Project>