<?xml version="1.0" encoding="utf-8"?>
<Project ToolsVersion="4.0" xmlns="http://schemas.microsoft.com/developer/msbuild/2003">
  <ItemGroup>
    <Filter Include="include">
      <UniqueIdentifier>{18a0c019-8352-418c-a984-7ae22b30dd77}</UniqueIdentifier>
    </Filter>
    <Filter Include="src">
      <UniqueIdentifier>{753c56c2-2664-44cd-9821-c04d63815b9d}</UniqueIdentifier>
    </Filter>
    <Filter Include="resource">
      <UniqueIdentifier>{67DA6AB6-F800-4c08-8B7A-83BB121AAD01}</UniqueIdentifier>
      <Extensions>rc;ico;cur;bmp;dlg;rc2;rct;bin;rgs;gif;jpg;jpeg;jpe;resx;tiff;tif;png;wav;mfcribbon-ms</Extensions>
    </Filter>
    <Filter Include="src\capture">
      <UniqueIdentifier>{dab1e440-aefc-4c57-aba1-f28c90365601}</UniqueIdentifier>
    </Filter>
    <Filter Include="src\capture\dxgi">
      <UniqueIdentifier>{d7976ad7-3e49-46ce-8fa4-13e4ae679a75}</UniqueIdentifier>
    </Filter>
    <Filter Include="src\capture\bitblt">
      <UniqueIdentifier>{773cb314-1b4c-4edb-9142-d5be669693ac}</UniqueIdentifier>
    </Filter>
    <Filter Include="src\capture\dxgi\include">
      <UniqueIdentifier>{ef9fee04-c2fd-47c5-a7d0-e011239919d6}</UniqueIdentifier>
    </Filter>
    <Filter Include="src\match">
      <UniqueIdentifier>{ac6f39d1-8b24-4329-8e46-af9ad6ab5919}</UniqueIdentifier>
    </Filter>
    <Filter Include="src\resources">
      <UniqueIdentifier>{74b73ab9-2390-4fea-9151-a6c838056cc1}</UniqueIdentifier>
    </Filter>
    <Filter Include="src\utils">
      <UniqueIdentifier>{eb43bce9-bfd0-402a-b861-47a6b71b007c}</UniqueIdentifier>
    </Filter>
    <Filter Include="src\match\surf">
      <UniqueIdentifier>{b44a52c1-eb36-44d4-9d60-9653e25b9a34}</UniqueIdentifier>
    </Filter>
    <Filter Include="src\match\type">
      <UniqueIdentifier>{3c973a25-eb85-4aad-a785-98e5dff329a7}</UniqueIdentifier>
    </Filter>
    <Filter Include="src\version">
      <UniqueIdentifier>{7db5a72c-9d86-4d25-b586-4d0e7bfa2298}</UniqueIdentifier>
    </Filter>
    <Filter Include="src\match\diff">
      <UniqueIdentifier>{5543bbc3-35f9-4e82-bebc-99240de45369}</UniqueIdentifier>
    </Filter>
    <Filter Include="src\filter">
      <UniqueIdentifier>{3d275b7b-5da4-4077-994c-107007d10d95}</UniqueIdentifier>
    </Filter>
    <Filter Include="src\filter\kalman">
      <UniqueIdentifier>{a771a5a6-a2f6-41f2-a3bc-ba39c1746c6b}</UniqueIdentifier>
    </Filter>
    <Filter Include="src\filter\smooth">
      <UniqueIdentifier>{4565e7e5-0a65-4824-a27a-504593ffcdc4}</UniqueIdentifier>
    </Filter>
    <Filter Include="src\filter\untouched">
      <UniqueIdentifier>{507751c9-0c0a-40f3-a833-f2d62a3f00a3}</UniqueIdentifier>
    </Filter>
    <Filter Include="src\capture\video">
      <UniqueIdentifier>{3685c184-17eb-4d9c-820d-bdedebf3c3aa}</UniqueIdentifier>
    </Filter>
    <Filter Include="src\match\surf\filter">
      <UniqueIdentifier>{dcabbda0-572b-43c0-a67e-0964167f83d0}</UniqueIdentifier>
    </Filter>
    <Filter Include="pch">
      <UniqueIdentifier>{0e2db87d-ed3a-4eb6-8700-f4adf8f64a35}</UniqueIdentifier>
    </Filter>
    <Filter Include="src\algorithms">
      <UniqueIdentifier>{ebf3dfe8-e90e-42ed-b00e-d1e7a64b4289}</UniqueIdentifier>
    </Filter>
    <Filter Include="src\genshin">
      <UniqueIdentifier>{ba89a0f8-f136-4cfc-9d3c-bbee05dbf89e}</UniqueIdentifier>
    </Filter>
    <Filter Include="src\genshin\check">
      <UniqueIdentifier>{efb6d952-b0d5-4ae8-bb47-1676baa1343c}</UniqueIdentifier>
    </Filter>
    <Filter Include="src\genshin\check\paimon">
      <UniqueIdentifier>{2b485667-c329-48c1-a20b-f8cfb2217de2}</UniqueIdentifier>
    </Filter>
    <Filter Include="src\genshin\cailb">
      <UniqueIdentifier>{8ef684b6-d2e1-486c-a200-64e6900c6f3b}</UniqueIdentifier>
    </Filter>
    <Filter Include="src\genshin\cailb\minimap">
      <UniqueIdentifier>{428dd79d-f94e-4154-a3d7-b1fde1bb6fbe}</UniqueIdentifier>
    </Filter>
    <Filter Include="src\genshin\match">
      <UniqueIdentifier>{c63d4b3c-f264-4ad8-b5a9-4be12ccd53e6}</UniqueIdentifier>
    </Filter>
    <Filter Include="src\genshin\match\avatar">
      <UniqueIdentifier>{01f5fa5f-d4e3-4f4d-b2c3-1083cbe1c079}</UniqueIdentifier>
    </Filter>
    <Filter Include="src\genshin\match\star">
      <UniqueIdentifier>{ed4b587f-03a3-4faa-92dc-9183960daa9b}</UniqueIdentifier>
    </Filter>
    <Filter Include="src\genshin\match\uid">
      <UniqueIdentifier>{772c1ff8-82a2-4e07-92c0-1db3790b000a}</UniqueIdentifier>
    </Filter>
    <Filter Include="src\resources\binary">
      <UniqueIdentifier>{621c57e8-94c6-447a-85fe-e917ec104364}</UniqueIdentifier>
    </Filter>
    <Filter Include="src\resources\binary\image">
      <UniqueIdentifier>{0983567b-7c15-4d5e-8345-c2c4fd03bb74}</UniqueIdentifier>
    </Filter>
    <Filter Include="src\resources\binary\image\uid">
      <UniqueIdentifier>{dffd9bca-0072-4ef3-8ab8-af29126c0f63}</UniqueIdentifier>
    </Filter>
    <Filter Include="src\resources\binary\image\paimon">
      <UniqueIdentifier>{655ae593-06cf-4820-b0c8-98499541b0aa}</UniqueIdentifier>
    </Filter>
    <Filter Include="src\resources\binary\image\cailb">
      <UniqueIdentifier>{15bf2f90-c41c-4c77-9e65-f87d1cfe2a2b}</UniqueIdentifier>
    </Filter>
    <Filter Include="src\resources\binary\image\star">
      <UniqueIdentifier>{7b046303-de42-44b4-9425-39f8ee450b9b}</UniqueIdentifier>
    </Filter>
    <Filter Include="src\utils\workflow">
      <UniqueIdentifier>{a3d4089a-bcb4-408c-b848-fa28dc81ebba}</UniqueIdentifier>
    </Filter>
    <Filter Include="src\utils\log">
      <UniqueIdentifier>{057367a2-53dc-43de-8d05-1d3790daef72}</UniqueIdentifier>
    </Filter>
    <Filter Include="src\genshin\match\position">
      <UniqueIdentifier>{0638de7f-89ef-45cd-b3e8-6d8cfac31b22}</UniqueIdentifier>
    </Filter>
  </ItemGroup>
  <ItemGroup>
    <None Include="resource\Source.def">
      <Filter>resource</Filter>
    </None>
    <None Include="src\version\build_version_before.bat">
      <Filter>src\version</Filter>
    </None>
    <None Include="src\version\GetNextBuildVersion.ps1">
      <Filter>src\version</Filter>
    </None>
    <None Include="src\algorithms\algorithms.direction.h">
      <Filter>src\algorithms</Filter>
    </None>
    <None Include="src\genshin\genshin.include.h">
      <Filter>src\genshin</Filter>
    </None>
    <None Include="src\genshin\genshin.screen.h">
      <Filter>src\genshin</Filter>
    </None>
    <None Include="src\version\version_tag.tag">
      <Filter>src\version</Filter>
    </None>
    <None Include="src\resources\binary\image_to_binary.bat">
      <Filter>src\resources\binary</Filter>
    </None>
  </ItemGroup>
  <ItemGroup>
    <ClInclude Include="include\cvAutoTrack.h">
      <Filter>include</Filter>
    </ClInclude>
    <ClInclude Include="src\AutoTrack.h">
      <Filter>src</Filter>
    </ClInclude>
    <ClInclude Include="src\capture\dxgi\include\capture.interop.h">
      <Filter>src\capture\dxgi\include</Filter>
    </ClInclude>
    <ClInclude Include="src\capture\dxgi\include\composition.interop.h">
      <Filter>src\capture\dxgi\include</Filter>
    </ClInclude>
    <ClInclude Include="src\capture\dxgi\include\d3dHelpers.h">
      <Filter>src\capture\dxgi\include</Filter>
    </ClInclude>
    <ClInclude Include="src\capture\dxgi\include\direct3d11.interop.h">
      <Filter>src\capture\dxgi\include</Filter>
    </ClInclude>
    <ClInclude Include="src\capture\Capture.h">
      <Filter>src\capture</Filter>
    </ClInclude>
    <ClInclude Include="src\capture\dxgi\Dxgi.h">
      <Filter>src\capture\dxgi</Filter>
    </ClInclude>
    <ClInclude Include="src\capture\bitblt\Bitblt.h">
      <Filter>src\capture\bitblt</Filter>
    </ClInclude>
    <ClInclude Include="src\resources\Resources.h">
      <Filter>src\resources</Filter>
    </ClInclude>
    <ClInclude Include="src\utils\Utils.h">
      <Filter>src\utils</Filter>
    </ClInclude>
    <ClInclude Include="src\ErrorCode.h">
      <Filter>src\utils</Filter>
    </ClInclude>
    <ClInclude Include="src\match\surf\SurfMatch.h">
      <Filter>src\match\surf</Filter>
    </ClInclude>
    <ClInclude Include="src\match\type\MatchType.h">
      <Filter>src\match\type</Filter>
    </ClInclude>
    <ClInclude Include="src\match\diff\DiffMatch.h">
      <Filter>src\match\diff</Filter>
    </ClInclude>
    <ClInclude Include="src\filter\Filter.h">
      <Filter>src\filter</Filter>
    </ClInclude>
    <ClInclude Include="src\filter\kalman\Kalman.h">
      <Filter>src\filter\kalman</Filter>
    </ClInclude>
    <ClInclude Include="src\filter\smooth\Smooth.h">
      <Filter>src\filter\smooth</Filter>
    </ClInclude>
    <ClInclude Include="src\filter\untouched\Untouched.h">
      <Filter>src\filter\untouched</Filter>
    </ClInclude>
    <ClInclude Include="src\capture\video\video.h">
      <Filter>src\capture\video</Filter>
    </ClInclude>
    <ClInclude Include="src\resource.h">
      <Filter>resource</Filter>
    </ClInclude>
    <ClInclude Include="src\pch.h">
      <Filter>pch</Filter>
    </ClInclude>
    <ClInclude Include="src\algorithms\algorithms.rotation.h">
      <Filter>src\algorithms</Filter>
    </ClInclude>
    <ClInclude Include="src\match\match.include.h">
      <Filter>src\match</Filter>
    </ClInclude>
    <ClInclude Include="src\algorithms\algorithms.include.h">
      <Filter>src\algorithms</Filter>
    </ClInclude>
    <ClInclude Include="src\match\match.star.h">
      <Filter>src\match</Filter>
    </ClInclude>
    <ClInclude Include="src\match\match.uid.h">
      <Filter>src\match</Filter>
    </ClInclude>
    <ClInclude Include="src\genshin\genshin.handle.h">
      <Filter>src\genshin</Filter>
    </ClInclude>
    <ClInclude Include="src\genshin\check\paimon\genshin.check.paimon.h">
      <Filter>src\genshin\check\paimon</Filter>
    </ClInclude>
    <ClInclude Include="src\genshin\cailb\minimap\genshin.cailb.minimap.h">
      <Filter>src\genshin\cailb\minimap</Filter>
    </ClInclude>
    <ClInclude Include="src\resources\binary\resources.binary.h">
      <Filter>src\resources\binary</Filter>
    </ClInclude>
    <ClInclude Include="src\resources\binary\image\resources.binary.image.h">
      <Filter>src\resources\binary\image</Filter>
    </ClInclude>
    <ClInclude Include="src\resources\binary\image\paimon\resources.binary.image.paimon.h">
      <Filter>src\resources\binary\image\paimon</Filter>
    </ClInclude>
    <ClInclude Include="src\resources\binary\image\cailb\resources.binary.image.cailb.h">
      <Filter>src\resources\binary\image\cailb</Filter>
    </ClInclude>
    <ClInclude Include="src\resources\binary\image\star\resources.binary.image.star.h">
      <Filter>src\resources\binary\image\star</Filter>
    </ClInclude>
    <ClInclude Include="src\resources\binary\image\uid\resources.binary.image.uid_.h">
      <Filter>src\resources\binary\image\uid</Filter>
    </ClInclude>
    <ClInclude Include="src\resources\binary\image\uid\resources.binary.image.uid0.h">
      <Filter>src\resources\binary\image\uid</Filter>
    </ClInclude>
    <ClInclude Include="src\resources\binary\image\uid\resources.binary.image.uid1.h">
      <Filter>src\resources\binary\image\uid</Filter>
    </ClInclude>
    <ClInclude Include="src\resources\binary\image\uid\resources.binary.image.uid2.h">
      <Filter>src\resources\binary\image\uid</Filter>
    </ClInclude>
    <ClInclude Include="src\resources\binary\image\uid\resources.binary.image.uid3.h">
      <Filter>src\resources\binary\image\uid</Filter>
    </ClInclude>
    <ClInclude Include="src\resources\binary\image\uid\resources.binary.image.uid4.h">
      <Filter>src\resources\binary\image\uid</Filter>
    </ClInclude>
    <ClInclude Include="src\resources\binary\image\uid\resources.binary.image.uid5.h">
      <Filter>src\resources\binary\image\uid</Filter>
    </ClInclude>
    <ClInclude Include="src\resources\binary\image\uid\resources.binary.image.uid6.h">
      <Filter>src\resources\binary\image\uid</Filter>
    </ClInclude>
    <ClInclude Include="src\resources\binary\image\uid\resources.binary.image.uid7.h">
      <Filter>src\resources\binary\image\uid</Filter>
    </ClInclude>
    <ClInclude Include="src\resources\binary\image\uid\resources.binary.image.uid8.h">
      <Filter>src\resources\binary\image\uid</Filter>
    </ClInclude>
    <ClInclude Include="src\resources\binary\image\uid\resources.binary.image.uid9.h">
      <Filter>src\resources\binary\image\uid</Filter>
    </ClInclude>
    <ClInclude Include="src\resources\resources.load.h">
      <Filter>src\resources</Filter>
    </ClInclude>
    <ClInclude Include="src\genshin\genshin.h">
      <Filter>src\genshin</Filter>
    </ClInclude>
    <ClInclude Include="src\utils\log\utils.log.h">
      <Filter>src\utils\log</Filter>
    </ClInclude>
    <ClInclude Include="src\genshin\match\position\genshin.match.position.h">
      <Filter>src\genshin\match\position</Filter>
    </ClInclude>
    <ClInclude Include="src\Ver.h">
      <Filter>src</Filter>
    </ClInclude>
    <ClInclude Include="src\resources\import\resources.import.h">
      <Filter>src\resources</Filter>
    </ClInclude>
    <ClInclude Include="src\resources\serialize.h">
      <Filter>src\resources</Filter>
    </ClInclude>
  </ItemGroup>
  <ItemGroup>
    <ClCompile Include="src\AutoTrack.cpp">
      <Filter>src</Filter>
    </ClCompile>
    <ClCompile Include="src\cvAutoTrack.cpp">
      <Filter>src</Filter>
    </ClCompile>
    <ClCompile Include="src\capture\Capture.cpp">
      <Filter>src\capture</Filter>
    </ClCompile>
    <ClCompile Include="src\capture\dxgi\Dxgi.cpp">
      <Filter>src\capture\dxgi</Filter>
    </ClCompile>
    <ClCompile Include="src\capture\bitblt\Bitblt.cpp">
      <Filter>src\capture\bitblt</Filter>
    </ClCompile>
    <ClCompile Include="src\resources\Resources.cpp">
      <Filter>src\resources</Filter>
    </ClCompile>
    <ClCompile Include="src\utils\Utils.cpp">
      <Filter>src\utils</Filter>
    </ClCompile>
    <ClCompile Include="src\ErrorCode.cpp">
      <Filter>src\utils</Filter>
    </ClCompile>
    <ClCompile Include="src\match\surf\SurfMatch.cpp">
      <Filter>src\match\surf</Filter>
    </ClCompile>
    <ClCompile Include="src\match\diff\DiffMatch.cpp">
      <Filter>src\match\diff</Filter>
    </ClCompile>
    <ClCompile Include="src\filter\Filter.cpp">
      <Filter>src\filter</Filter>
    </ClCompile>
    <ClCompile Include="src\filter\kalman\Kalman.cpp">
      <Filter>src\filter\kalman</Filter>
    </ClCompile>
    <ClCompile Include="src\filter\smooth\Smooth.cpp">
      <Filter>src\filter\smooth</Filter>
    </ClCompile>
    <ClCompile Include="src\capture\video\video.cpp">
      <Filter>src\capture\video</Filter>
    </ClCompile>
    <ClCompile Include="src\filter\untouched\Untouched.cpp">
      <Filter>src\filter\untouched</Filter>
    </ClCompile>
    <ClCompile Include="src\pch.cpp">
      <Filter>pch</Filter>
    </ClCompile>
    <ClCompile Include="src\genshin\genshin.handle.cpp">
      <Filter>src\genshin</Filter>
    </ClCompile>
    <ClCompile Include="src\genshin\genshin.screen.cpp">
      <Filter>src\genshin</Filter>
    </ClCompile>
    <ClCompile Include="src\genshin\check\paimon\genshin.check.paimon.cpp">
      <Filter>src\genshin\check\paimon</Filter>
    </ClCompile>
    <ClCompile Include="src\resources\binary\resources.binary.cpp">
      <Filter>src\resources\binary</Filter>
    </ClCompile>
    <ClCompile Include="src\genshin\cailb\minimap\genshin.cailb.minimap.cpp">
      <Filter>src\genshin\cailb\minimap</Filter>
    </ClCompile>
    <ClCompile Include="src\resources\resources.load.cpp">
      <Filter>src\resources</Filter>
    </ClCompile>
    <ClCompile Include="src\utils\log\utils.log.cpp">
      <Filter>src\utils\log</Filter>
    </ClCompile>
    <ClCompile Include="src\genshin\match\position\genshin.match.position.cpp">
      <Filter>src\genshin\match\position</Filter>
    </ClCompile>
    <ClCompile Include="src\resources\import\resources.import.cpp" />
    <ClCompile Include="src\dllmain.cpp">
      <Filter>src</Filter>
    </ClCompile>
  </ItemGroup>
  <ItemGroup>
    <ResourceCompile Include="resource\cvAutoTrack.rc">
      <Filter>resource</Filter>
    </ResourceCompile>
  </ItemGroup>
</Project>